# This file was generated by:
#   uv pip compile backend/pyproject.toml --python-version 3.11 --output-file backend/requirements.lock
#
# After installing google-genai, regenerate with:
#   cd backend && uv pip compile pyproject.toml --python-version 3.11 --output-file requirements.lock
#
# DO NOT edit this file manually.
# Install with:
#   uv pip install --system -r requirements.lock     (CI / Render build)
#   uv pip sync requirements.lock                    (local dev)
accelerate==1.13.0
    # via
    #   flagembedding
    #   peft
aioboto3==15.5.0
    # via campusgpt-backend (pyproject.toml)
aiobotocore==2.25.1
    # via aioboto3
aiofiles==25.1.0
    # via
    #   campusgpt-backend (pyproject.toml)
    #   aioboto3
aiohappyeyeballs==2.6.2
    # via aiohttp
aiohttp==3.14.0
    # via
    #   aiobotocore
    #   fsspec
aioitertools==0.13.0
    # via aiobotocore
aiosignal==1.4.0
    # via aiohttp
aiosqlite==0.22.1
    # via campusgpt-backend (pyproject.toml)
annotated-doc==0.0.4
    # via fastapi
annotated-types==0.7.0
    # via pydantic
anyio==4.13.0
    # via
    #   httpx
    #   starlette
    #   watchfiles
async-timeout==5.0.1
    # via redis
asyncpg==0.31.0
    # via campusgpt-backend (pyproject.toml)
attrs==26.1.0
    # via aiohttp
boto3==1.40.61
    # via aiobotocore
botocore==1.40.61
    # via
    #   aiobotocore
    #   boto3
    #   s3transfer
certifi==2026.5.20
    # via
    #   httpcore
    #   httpx
    #   requests
cffi==2.0.0
    # via cryptography
charset-normalizer==3.4.7
    # via
    #   pdfminer-six
    #   requests
click==8.4.1
    # via
    #   nltk
    #   uvicorn
cryptography==48.0.0
    # via
    #   google-auth
    #   pdfminer-six
datasets==5.0.0
    # via flagembedding
deprecated==1.3.1
    # via limits
dill==0.4.1
    # via
    #   datasets
    #   multiprocess
fastapi==0.136.3
    # via campusgpt-backend (pyproject.toml)
filelock==3.29.1
    # via
    #   datasets
    #   huggingface-hub
    #   torch
    #   transformers
flagembedding==1.4.0
    # via campusgpt-backend (pyproject.toml)
frozenlist==1.8.0
    # via
    #   aiohttp
    #   aiosignal
fsspec==2026.4.0
    # via
    #   datasets
    #   huggingface-hub
    #   torch
google-ai-generativelanguage==0.6.15
    # via google-genai
google-api-core==2.25.2
    # via
    #   google-ai-generativelanguage
    #   google-api-python-client
    #   google-genai
google-api-python-client==2.197.0
    # via google-genai
google-auth==2.53.0
    # via
    #   google-ai-generativelanguage
    #   google-api-core
    #   google-api-python-client
    #   google-auth-httplib2
    #   google-genai
google-auth-httplib2==0.4.0
    # via google-api-python-client
google-genai>=1.0.0
    # via campusgpt-backend (pyproject.toml)
googleapis-common-protos==1.75.0
    # via
    #   google-api-core
    #   grpcio-status
greenlet==3.5.1
    # via campusgpt-backend (pyproject.toml)
grpcio==1.81.0
    # via
    #   google-api-core
    #   grpcio-status
grpcio-status==1.71.2
    # via google-api-core
h11==0.16.0
    # via
    #   httpcore
    #   uvicorn
hf-xet==1.5.0
    # via huggingface-hub
httpcore==1.0.9
    # via httpx
httplib2==0.31.2
    # via
    #   google-api-python-client
    #   google-auth-httplib2
httptools==0.8.0
    # via uvicorn
httpx==0.28.1
    # via
    #   campusgpt-backend (pyproject.toml)
    #   datasets
    #   upstash-redis
huggingface-hub==0.36.2
    # via
    #   accelerate
    #   datasets
    #   peft
    #   sentence-transformers
    #   tokenizers
    #   transformers
idna==3.18
    # via
    #   anyio
    #   httpx
    #   requests
    #   yarl
ir-datasets==0.6.1
    # via flagembedding
jinja2==3.1.6
    # via torch
jmespath==1.1.0
    # via
    #   aiobotocore
    #   boto3
    #   botocore
joblib==1.5.3
    # via
    #   nltk
    #   scikit-learn
limits==5.8.0
    # via slowapi
lxml==6.1.1
    # via ir-datasets
lz4==4.4.5
    # via ir-datasets
markupsafe==3.0.3
    # via jinja2
mpmath==1.3.0
    # via sympy
multidict==6.7.1
    # via
    #   aiobotocore
    #   aiohttp
    #   yarl
multiprocess==0.70.19
    # via datasets
narwhals==2.22.1
    # via scikit-learn
networkx==3.6.1
    # via torch
nltk==3.9.4
    # via campusgpt-backend (pyproject.toml)
numpy==2.4.6
    # via
    #   accelerate
    #   datasets
    #   ir-datasets
    #   pandas
    #   peft
    #   rank-bm25
    #   scikit-learn
    #   scipy
    #   sentence-transformers
    #   transformers
packaging==26.2
    # via
    #   accelerate
    #   datasets
    #   huggingface-hub
    #   limits
    #   peft
    #   transformers
pandas==3.0.3
    # via datasets
pdfminer-six==20251230
    # via pdfplumber
pdfplumber==0.11.9
    # via campusgpt-backend (pyproject.toml)
peft==0.19.1
    # via flagembedding
pillow==12.2.0
    # via pdfplumber
propcache==0.5.2
    # via
    #   aiohttp
    #   yarl
proto-plus==1.28.0
    # via
    #   google-ai-generativelanguage
    #   google-api-core
protobuf==5.29.6
    # via
    #   flagembedding
    #   google-ai-generativelanguage
    #   google-api-core
    #   google-genai
    #   googleapis-common-protos
    #   grpcio-status
    #   proto-plus
psutil==7.2.2
    # via
    #   campusgpt-backend (pyproject.toml)
    #   accelerate
    #   peft
pyarrow==24.0.0
    # via datasets
pyasn1==0.6.3
    # via pyasn1-modules
pyasn1-modules==0.4.2
    # via google-auth
pycparser==3.0
    # via cffi
pydantic==2.13.4
    # via
    #   campusgpt-backend (pyproject.toml)
    #   fastapi
    #   google-genai
    #   pydantic-settings
pydantic-core==2.46.4
    # via pydantic
pydantic-settings==2.14.1
    # via campusgpt-backend (pyproject.toml)
pymupdf==1.27.2.3
    # via campusgpt-backend (pyproject.toml)
pyparsing==3.3.2
    # via httplib2
pypdfium2==5.9.0
    # via pdfplumber
python-dateutil==2.9.0.post0
    # via
    #   aiobotocore
    #   botocore
    #   pandas
python-dotenv==1.2.2
    # via
    #   campusgpt-backend (pyproject.toml)
    #   pydantic-settings
    #   uvicorn
python-multipart==0.0.32
    # via campusgpt-backend (pyproject.toml)
pyyaml==6.0.3
    # via
    #   accelerate
    #   datasets
    #   huggingface-hub
    #   ir-datasets
    #   peft
    #   transformers
    #   uvicorn
rank-bm25==0.2.2
    # via campusgpt-backend (pyproject.toml)
redis==8.0.0
    # via campusgpt-backend (pyproject.toml)
regex==2026.5.9
    # via
    #   nltk
    #   transformers
requests==2.34.2
    # via
    #   datasets
    #   google-api-core
    #   huggingface-hub
    #   ir-datasets
    #   transformers
s3transfer==0.14.0
    # via boto3
safetensors==0.7.0
    # via
    #   accelerate
    #   peft
    #   transformers
scikit-learn==1.9.0
    # via sentence-transformers
scipy==1.17.1
    # via
    #   scikit-learn
    #   sentence-transformers
sentence-transformers==5.5.1
    # via
    #   campusgpt-backend (pyproject.toml)
    #   flagembedding
sentencepiece==0.2.1
    # via flagembedding
setuptools==81.0.0
    # via torch
six==1.17.0
    # via python-dateutil
slowapi==0.1.9
    # via campusgpt-backend (pyproject.toml)
sqlalchemy==2.0.50
    # via campusgpt-backend (pyproject.toml)
starlette==1.2.1
    # via fastapi
sympy==1.14.0
    # via torch
threadpoolctl==3.6.0
    # via scikit-learn
tokenizers==0.22.2
    # via transformers
torch==2.12.0
    # via
    #   accelerate
    #   flagembedding
    #   peft
    #   sentence-transformers
tqdm==4.68.1
    # via
    #   datasets
    #   google-genai
    #   huggingface-hub
    #   ir-datasets
    #   nltk
    #   peft
    #   sentence-transformers
    #   transformers
transformers==4.57.6
    # via
    #   campusgpt-backend (pyproject.toml)
    #   flagembedding
    #   peft
    #   sentence-transformers
typing-extensions==4.15.0
    # via
    #   aiohttp
    #   aiosignal
    #   anyio
    #   fastapi
    #   google-genai
    #   grpcio
    #   huggingface-hub
    #   limits
    #   pydantic
    #   pydantic-core
    #   sentence-transformers
    #   sqlalchemy
    #   starlette
    #   torch
    #   typing-inspection
typing-inspection==0.4.2
    # via
    #   fastapi
    #   pydantic
    #   pydantic-settings
upstash-redis==1.7.0
    # via campusgpt-backend (pyproject.toml)
uritemplate==4.2.0
    # via google-api-python-client
urllib3==2.7.0
    # via
    #   botocore
    #   requests
uvicorn==0.49.0
    # via campusgpt-backend (pyproject.toml)
uvloop==0.22.1
    # via uvicorn
watchfiles==1.2.0
    # via uvicorn
websockets==16.0
    # via uvicorn
wrapt==1.17.3
    # via
    #   aiobotocore
    #   deprecated
xxhash==3.7.0
    # via datasets
yarl==1.24.2
    # via aiohttp
